{
  "nodes": {
    "home-manager": {
      "inputs": {
        "nixpkgs": [
          "nixpkgs"
        ]
      },
      "locked": {
        "lastModified": 1744498625,
        "narHash": "sha256-pL52uCt9CUoTTmysGG91c2FeU7XUvpB7Cep6yon2vDk=",
        "owner": "nix-community",
        "repo": "home-manager",
        "rev": "db56335ca8942d86f2200664acdbd5b9212b26ad",
        "type": "github"
      },
      "original": {
        "owner": "nix-community",
        "repo": "home-manager",
        "type": "github"
      }
    },
    "nixCats": {
      "locked": {
        "lastModified": 1744516232,
        "narHash": "sha256-o6V+iOKp2WPvFf1vBwAYYpTLbAfXvYFEqhe0S6sCIJo=",
        "owner": "BirdeeHub",
        "repo": "nixCats-nvim",
        "rev": "75d52d614d2831839b48d137bf705fa9f51bdbe0",
        "type": "github"
      },
      "original": {
        "owner": "BirdeeHub",
        "repo": "nixCats-nvim",
        "type": "github"
      }
    },
    "nixpkgs": {
      "locked": {
        "lastModified": 1744463964,
        "narHash": "sha256-LWqduOgLHCFxiTNYi3Uj5Lgz0SR+Xhw3kr/3Xd0GPTM=",
        "owner": "nixos",
        "repo": "nixpkgs",
        "rev": "2631b0b7abcea6e640ce31cd78ea58910d31e650",
        "type": "github"
      },
      "original": {
        "owner": "nixos",
        "ref": "nixos-unstable",
        "repo": "nixpkgs",
        "type": "github"
      }
    },
    "root": {
      "inputs": {
        "home-manager": "home-manager",
        "nixCats": "nixCats",
        "nixpkgs": "nixpkgs",
        "sops-nix": "sops-nix"
      }
    },
    "sops-nix": {
      "inputs": {
        "nixpkgs": [
          "nixpkgs"
        ]
      },
      "locked": {
        "lastModified": 1744518500,
        "narHash": "sha256-lv52pnfiRGp5+xkZEgWr56DWiRgkMFXpiGba3eJ3krE=",
        "owner": "Mic92",
        "repo": "sops-nix",
        "rev": "7e147a1ae90f0d4a374938cdc3df3cdaecb9d388",
        "type": "github"
      },
      "original": {
        "owner": "Mic92",
        "repo": "sops-nix",
        "type": "github"
      }
    }
  },
  "root": "root",
  "version": 7
}
